
Microsoft Visual Studio Solution File, Format Version 12.00
# Visual Studio Version 16
VisualStudioVersion = 16.0.31727.386
MinimumVisualStudioVersion = 10.0.40219.1
Project("{FAE04EC0-301F-11D3-BF4B-00C04F79EFBC}") = "inheritance", "inheritance\inheritance.csproj", "{033EE816-3CF7-4442-8E35-144BF9F59EA1}"
EndProject
Project("{FAE04EC0-301F-11D3-BF4B-00C04F79EFBC}") = "inheritanceTests", "inheritanceTests\inheritanceTests.csproj", "{6FECD268-FD60-4F21-933E-AE4091D95507}"
EndProject
Global
	GlobalSection(SolutionConfigurationPlatforms) = preSolution
		Debug|Any CPU = Debug|Any CPU
		Release|Any CPU = Release|Any CPU
	EndGlobalSection
	GlobalSection(ProjectConfigurationPlatforms) = postSolution
		{033EE816-3CF7-4442-8E35-144BF9F59EA1}.Debug|Any CPU.ActiveCfg = Debug|Any CPU
		{033EE816-3CF7-4442-8E35-144BF9F59EA1}.Debug|Any CPU.Build.0 = Debug|Any CPU
		{033EE816-3CF7-4442-8E35-144BF9F59EA1}.Release|Any CPU.ActiveCfg = Release|Any CPU
		{033EE816-3CF7-4442-8E35-144BF9F59EA1}.Release|Any CPU.Build.0 = Release|Any CPU
		{6FECD268-FD60-4F21-933E-AE4091D95507}.Debug|Any CPU.ActiveCfg = Debug|Any CPU
		{6FECD268-FD60-4F21-933E-AE4091D95507}.Debug|Any CPU.Build.0 = Debug|Any CPU
		{6FECD268-FD60-4F21-933E-AE4091D95507}.Release|Any CPU.ActiveCfg = Release|Any CPU
		{6FECD268-FD60-4F21-933E-AE4091D95507}.Release|Any CPU.Build.0 = Release|Any CPU
	EndGlobalSection
	GlobalSection(SolutionProperties) = preSolution
		HideSolutionNode = FALSE
	EndGlobalSection
	GlobalSection(ExtensibilityGlobals) = postSolution
		SolutionGuid = {9CB1C8A1-5A95-46CB-888E-E3C314FA4479}
	EndGlobalSection
EndGlobal
